
Microsoft Visual Studio Solution File, Format Version 12.00
# Visual Studio Version 17
VisualStudioVersion = 17.8.34330.188
MinimumVisualStudioVersion = 10.0.40219.1
Project("{FAE04EC0-301F-11D3-BF4B-00C04F79EFBC}") = "PickAScriptureAppUI", "PickAScriptureAppUI\PickAScriptureAppUI.csproj", "{3A41C346-5E6A-42E4-B4E3-4CFCB37B871E}"
EndProject
Global
	GlobalSection(SolutionConfigurationPlatforms) = preSolution
		Debug|Any CPU = Debug|Any CPU
		Release|Any CPU = Release|Any CPU
	EndGlobalSection
	GlobalSection(ProjectConfigurationPlatforms) = postSolution
		{3A41C346-5E6A-42E4-B4E3-4CFCB37B871E}.Debug|Any CPU.ActiveCfg = Debug|Any CPU
		{3A41C346-5E6A-42E4-B4E3-4CFCB37B871E}.Debug|Any CPU.Build.0 = Debug|Any CPU
		{3A41C346-5E6A-42E4-B4E3-4CFCB37B871E}.Release|Any CPU.ActiveCfg = Release|Any CPU
		{3A41C346-5E6A-42E4-B4E3-4CFCB37B871E}.Release|Any CPU.Build.0 = Release|Any CPU
	EndGlobalSection
	GlobalSection(SolutionProperties) = preSolution
		HideSolutionNode = FALSE
	EndGlobalSection
	GlobalSection(ExtensibilityGlobals) = postSolution
		SolutionGuid = {12F70CEE-41DA-4607-9F6E-EBA597C853A3}
	EndGlobalSection
EndGlobal
